{
   "name": "Adio",
   "version": "0.0.1",
   "lockfileVersion": 1,
   "requires": true,
   "dependencies": {
      "accepts": {
         "version": "1.3.7",
         "resolved": "https://registry.npmjs.org/accepts/-/accepts-1.3.7.tgz",
         "integrity": "sha512-Il80Qs2WjYlJIBNzNkK6KYqlVMTbZLXgHx2oT0pU/fjRHyEp+PEfEPY0R3WCwAGVOtauxh1hOxNgIf5bv7dQpA==",
         "requires": {
            "mime-types": "~2.1.24",
            "negotiator": "0.6.2"
         }
      },
      "after": {
         "version": "0.8.2",
         "resolved": "https://registry.npmjs.org/after/-/after-0.8.2.tgz",
         "integrity": "sha1-/ts5T58OAqqXaOcCvaI7UF+ufh8="
      },
      "any-promise": {
         "version": "1.3.0",
         "resolved": "https://registry.npmjs.org/any-promise/-/any-promise-1.3.0.tgz",
         "integrity": "sha1-q8av7tzqUugJzcA3au0845Y10X8="
      },
      "arraybuffer.slice": {
         "version": "0.0.7",
         "resolved": "https://registry.npmjs.org/arraybuffer.slice/-/arraybuffer.slice-0.0.7.tgz",
         "integrity": "sha512-wGUIVQXuehL5TCqQun8OW81jGzAWycqzFF8lFp+GOM5BXLYj3bKNsYC4daB7n6XjCqxQA/qgTJ+8ANR3acjrog=="
      },
      "async": {
         "version": "3.1.0",
         "resolved": "https://registry.npmjs.org/async/-/async-3.1.0.tgz",
         "integrity": "sha1-QrOxKuG3SSe1IX2MABa6r2JGN3I="
      },
      "async-limiter": {
         "version": "1.0.1",
         "resolved": "https://registry.npmjs.org/async-limiter/-/async-limiter-1.0.1.tgz",
         "integrity": "sha512-csOlWGAcRFJaI6m+F2WKdnMKr4HhdhFVBk0H/QbJFMCr+uO2kwohwXQPxw/9OCxp05r5ghVBFSyioixx3gfkNQ=="
      },
      "aws-sdk": {
         "version": "2.580.0",
         "resolved": "https://registry.npmjs.org/aws-sdk/-/aws-sdk-2.580.0.tgz",
         "integrity": "sha512-YUn/LgaSjWuFDCAIOiOvyXbuRpNEzTPLbwRs3GpEmrP1hJrOChXh0p7GH61sTZdeJZarCSETUOWU5ngjpCOjKA==",
         "requires": {
            "buffer": "^4.9.1",
            "events": "^1.1.1",
            "ieee754": "^1.1.13",
            "jmespath": "^0.15.0",
            "querystring": "^0.2.0",
            "sax": "^1.2.1",
            "url": "^0.10.3",
            "uuid": "^3.3.2",
            "xml2js": "^0.4.19"
         }
      },
      "backo2": {
         "version": "1.0.2",
         "resolved": "https://registry.npmjs.org/backo2/-/backo2-1.0.2.tgz",
         "integrity": "sha1-MasayLEpNjRj41s+u2n038+6eUc="
      },
      "balanced-match": {
         "version": "1.0.0",
         "resolved": "https://registry.npmjs.org/balanced-match/-/balanced-match-1.0.0.tgz",
         "integrity": "sha1-ibTRmasr7kneFk6gK4nORi1xt2c=",
         "optional": true
      },
      "base64-arraybuffer": {
         "version": "0.1.5",
         "resolved": "https://registry.npmjs.org/base64-arraybuffer/-/base64-arraybuffer-0.1.5.tgz",
         "integrity": "sha1-c5JncZI7Whl0etZmqlzUv5xunOg="
      },
      "base64-js": {
         "version": "1.3.1",
         "resolved": "https://registry.npmjs.org/base64-js/-/base64-js-1.3.1.tgz",
         "integrity": "sha512-mLQ4i2QO1ytvGWFWmcngKO//JXAQueZvwEKtjgQFM4jIK0kU+ytMfplL8j+n5mspOfjHwoAg+9yhb7BwAHm36g=="
      },
      "base64id": {
         "version": "2.0.0",
         "resolved": "https://registry.npmjs.org/base64id/-/base64id-2.0.0.tgz",
         "integrity": "sha512-lGe34o6EHj9y3Kts9R4ZYs/Gr+6N7MCaMlIFA3F1R2O5/m7K06AxfSeO5530PEERE6/WyEg3lsuyw4GHlPZHog=="
      },
      "better-assert": {
         "version": "1.0.2",
         "resolved": "https://registry.npmjs.org/better-assert/-/better-assert-1.0.2.tgz",
         "integrity": "sha1-QIZrnhueC1W0gYlDEeaPr/rrxSI=",
         "requires": {
            "callsite": "1.0.0"
         }
      },
      "blob": {
         "version": "0.0.5",
         "resolved": "https://registry.npmjs.org/blob/-/blob-0.0.5.tgz",
         "integrity": "sha512-gaqbzQPqOoamawKg0LGVd7SzLgXS+JH61oWprSLH+P+abTczqJbhTR8CmJ2u9/bUYNmHTGJx/UEmn6doAvvuig=="
      },
      "brace-expansion": {
         "version": "1.1.11",
         "resolved": "https://registry.npmjs.org/brace-expansion/-/brace-expansion-1.1.11.tgz",
         "integrity": "sha512-iCuPHDFgrHX7H2vEI/5xpz07zSHB00TpugqhmYtVmMO6518mCuRMoOYFldEBl0g187ufozdaHgWKcYFb61qGiA==",
         "optional": true,
         "requires": {
            "balanced-match": "^1.0.0",
            "concat-map": "0.0.1"
         }
      },
      "buffer": {
         "version": "4.9.2",
         "resolved": "https://registry.npmjs.org/buffer/-/buffer-4.9.2.tgz",
         "integrity": "sha512-xq+q3SRMOxGivLhBNaUdC64hDTQwejJ+H0T/NB1XMtTVEwNTrfFF3gAxiyW0Bu/xWEGhjVKgUcMhCrUy2+uCWg==",
         "requires": {
            "base64-js": "^1.0.2",
            "ieee754": "^1.1.4",
            "isarray": "^1.0.0"
         }
      },
      "buffer-crc32": {
         "version": "0.2.1",
         "resolved": "https://registry.npmjs.org/buffer-crc32/-/buffer-crc32-0.2.1.tgz",
         "integrity": "sha1-vj5TgvwCttYySVasGvmKqYsIU0w="
      },
      "bunyan": {
         "version": "1.5.1",
         "resolved": "https://registry.npmjs.org/bunyan/-/bunyan-1.5.1.tgz",
         "integrity": "sha1-X259RMQ7lS9WsPQTCeOrEjkbTi0=",
         "requires": {
            "dtrace-provider": "~0.6",
            "mv": "~2",
            "safe-json-stringify": "~1"
         }
      },
      "bytes": {
         "version": "0.2.0",
         "resolved": "https://registry.npmjs.org/bytes/-/bytes-0.2.0.tgz",
         "integrity": "sha1-qtM+wU49wsp06OfUUfm6BTrU96A="
      },
      "callsite": {
         "version": "1.0.0",
         "resolved": "https://registry.npmjs.org/callsite/-/callsite-1.0.0.tgz",
         "integrity": "sha1-KAOY5dZkvXQDi28JBRU+borxvCA="
      },
      "commander": {
         "version": "1.2.0",
         "resolved": "https://registry.npmjs.org/commander/-/commander-1.2.0.tgz",
         "integrity": "sha1-/VcTv6FTx9bMWZN4patMRcU1Ap4=",
         "requires": {
            "keypress": "0.1.x"
         }
      },
      "component-bind": {
         "version": "1.0.0",
         "resolved": "https://registry.npmjs.org/component-bind/-/component-bind-1.0.0.tgz",
         "integrity": "sha1-AMYIq33Nk4l8AAllGx06jh5zu9E="
      },
      "component-emitter": {
         "version": "1.2.1",
         "resolved": "https://registry.npmjs.org/component-emitter/-/component-emitter-1.2.1.tgz",
         "integrity": "sha1-E3kY1teCg/ffemt8WmPhQOaUJeY="
      },
      "component-inherit": {
         "version": "0.0.3",
         "resolved": "https://registry.npmjs.org/component-inherit/-/component-inherit-0.0.3.tgz",
         "integrity": "sha1-ZF/ErfWLcrZJ1crmUTVhnbJv8UM="
      },
      "concat-map": {
         "version": "0.0.1",
         "resolved": "https://registry.npmjs.org/concat-map/-/concat-map-0.0.1.tgz",
         "integrity": "sha1-2Klr13/Wjfd5OnMDajug1UBdR3s=",
         "optional": true
      },
      "connect": {
         "version": "2.8.8",
         "resolved": "https://registry.npmjs.org/connect/-/connect-2.8.8.tgz",
         "integrity": "sha1-uav4yvC9l3PLPeopNEEZhyWCRG0=",
         "requires": {
            "buffer-crc32": "0.2.1",
            "bytes": "0.2.0",
            "cookie": "0.1.0",
            "cookie-signature": "1.0.1",
            "debug": "*",
            "formidable": "1.0.14",
            "fresh": "0.2.0",
            "methods": "0.0.1",
            "pause": "0.0.1",
            "qs": "0.6.5",
            "send": "0.1.4",
            "uid2": "0.0.2"
         }
      },
      "cookie": {
         "version": "0.1.0",
         "resolved": "https://registry.npmjs.org/cookie/-/cookie-0.1.0.tgz",
         "integrity": "sha1-kOtGndzpBchm3mh+/EMTHYgB+dA="
      },
      "cookie-signature": {
         "version": "1.0.1",
         "resolved": "https://registry.npmjs.org/cookie-signature/-/cookie-signature-1.0.1.tgz",
         "integrity": "sha1-ROByFIrwHm6OJK+/EmkNaK5pjss="
      },
      "debug": {
         "version": "4.1.1",
         "resolved": "https://registry.npmjs.org/debug/-/debug-4.1.1.tgz",
         "integrity": "sha1-O3ImAlUQnGtYnO4FDx1RYTlmR5E=",
         "requires": {
            "ms": "^2.1.1"
         }
      },
      "define-properties": {
         "version": "1.1.3",
         "resolved": "https://registry.npmjs.org/define-properties/-/define-properties-1.1.3.tgz",
         "integrity": "sha512-3MqfYKj2lLzdMSf8ZIZE/V+Zuy+BgD6f164e8K2w7dgnpKArBDerGYpM46IYYcjnkdPNMjPk9A6VFB8+3SKlXQ==",
         "requires": {
            "object-keys": "^1.0.12"
         }
      },
      "dtrace-provider": {
         "version": "0.6.0",
         "resolved": "https://registry.npmjs.org/dtrace-provider/-/dtrace-provider-0.6.0.tgz",
         "integrity": "sha1-CweNVReTfYcxAUUtkUZzdVe3XlE=",
         "optional": true,
         "requires": {
            "nan": "^2.0.8"
         }
      },
      "dynamodb": {
         "version": "1.2.1",
         "resolved": "https://registry.npmjs.org/dynamodb/-/dynamodb-1.2.1.tgz",
         "integrity": "sha512-shaZ23E4/tBl3lCiPficKxY08TfakQe8vjwaD99Lo9QqbWXPJ2U8bmxyVZgs3z0yFvLBqPm0mbRGJaE4D9rYMQ==",
         "requires": {
            "async": "1.5.x",
            "aws-sdk": "^2.186.x",
            "bunyan": "1.5.x",
            "joi": "10.6.x",
            "lodash": "4.x.x",
            "node-uuid": "1.4.x",
            "stream-to-promise": "~2.2.0"
         },
         "dependencies": {
            "async": {
               "version": "1.5.2",
               "resolved": "https://registry.npmjs.org/async/-/async-1.5.2.tgz",
               "integrity": "sha1-7GphrlZIDAw8skHJVhjiCJL5Zyo="
            },
            "node-uuid": {
               "version": "1.4.8",
               "resolved": "https://registry.npmjs.org/node-uuid/-/node-uuid-1.4.8.tgz",
               "integrity": "sha1-sEDrCSOWivq/jTL7HxfxFn/auQc="
            }
         }
      },
      "ejs": {
         "version": "3.0.1",
         "resolved": "https://registry.npmjs.org/ejs/-/ejs-3.0.1.tgz",
         "integrity": "sha512-cuIMtJwxvzumSAkqaaoGY/L6Fc/t6YvoP9/VIaK0V/CyqKLEQ8sqODmYfy/cjXEdZ9+OOL8TecbJu+1RsofGDw=="
      },
      "end-of-stream": {
         "version": "1.1.0",
         "resolved": "https://registry.npmjs.org/end-of-stream/-/end-of-stream-1.1.0.tgz",
         "integrity": "sha1-6TUyWLqpEIll78QcsO+K3i88+wc=",
         "requires": {
            "once": "~1.3.0"
         },
         "dependencies": {
            "once": {
               "version": "1.3.3",
               "resolved": "https://registry.npmjs.org/once/-/once-1.3.3.tgz",
               "integrity": "sha1-suJhVXzkwxTsgwTz+oJmPkKXyiA=",
               "requires": {
                  "wrappy": "1"
               }
            }
         }
      },
      "engine.io": {
         "version": "3.4.0",
         "resolved": "https://registry.npmjs.org/engine.io/-/engine.io-3.4.0.tgz",
         "integrity": "sha512-XCyYVWzcHnK5cMz7G4VTu2W7zJS7SM1QkcelghyIk/FmobWBtXE7fwhBusEKvCSqc3bMh8fNFMlUkCKTFRxH2w==",
         "requires": {
            "accepts": "~1.3.4",
            "base64id": "2.0.0",
            "cookie": "0.3.1",
            "debug": "~4.1.0",
            "engine.io-parser": "~2.2.0",
            "ws": "^7.1.2"
         },
         "dependencies": {
            "cookie": {
               "version": "0.3.1",
               "resolved": "https://registry.npmjs.org/cookie/-/cookie-0.3.1.tgz",
               "integrity": "sha1-5+Ch+e9DtMi6klxcWpboBtFoc7s="
            }
         }
      },
      "engine.io-client": {
         "version": "3.4.0",
         "resolved": "https://registry.npmjs.org/engine.io-client/-/engine.io-client-3.4.0.tgz",
         "integrity": "sha512-a4J5QO2k99CM2a0b12IznnyQndoEvtA4UAldhGzKqnHf42I3Qs2W5SPnDvatZRcMaNZs4IevVicBPayxYt6FwA==",
         "requires": {
            "component-emitter": "1.2.1",
            "component-inherit": "0.0.3",
            "debug": "~4.1.0",
            "engine.io-parser": "~2.2.0",
            "has-cors": "1.1.0",
            "indexof": "0.0.1",
            "parseqs": "0.0.5",
            "parseuri": "0.0.5",
            "ws": "~6.1.0",
            "xmlhttprequest-ssl": "~1.5.4",
            "yeast": "0.1.2"
         },
         "dependencies": {
            "ws": {
               "version": "6.1.4",
               "resolved": "https://registry.npmjs.org/ws/-/ws-6.1.4.tgz",
               "integrity": "sha512-eqZfL+NE/YQc1/ZynhojeV8q+H050oR8AZ2uIev7RU10svA9ZnJUddHcOUZTJLinZ9yEfdA2kSATS2qZK5fhJA==",
               "requires": {
                  "async-limiter": "~1.0.0"
               }
            }
         }
      },
      "engine.io-parser": {
         "version": "2.2.0",
         "resolved": "https://registry.npmjs.org/engine.io-parser/-/engine.io-parser-2.2.0.tgz",
         "integrity": "sha512-6I3qD9iUxotsC5HEMuuGsKA0cXerGz+4uGcXQEkfBidgKf0amsjrrtwcbwK/nzpZBxclXlV7gGl9dgWvu4LF6w==",
         "requires": {
            "after": "0.8.2",
            "arraybuffer.slice": "~0.0.7",
            "base64-arraybuffer": "0.1.5",
            "blob": "0.0.5",
            "has-binary2": "~1.0.2"
         }
      },
      "es-abstract": {
         "version": "1.16.2",
         "resolved": "https://registry.npmjs.org/es-abstract/-/es-abstract-1.16.2.tgz",
         "integrity": "sha512-jYo/J8XU2emLXl3OLwfwtuFfuF2w6DYPs+xy9ZfVyPkDcrauu6LYrw/q2TyCtrbc/KUdCiC5e9UajRhgNkVopA==",
         "requires": {
            "es-to-primitive": "^1.2.1",
            "function-bind": "^1.1.1",
            "has": "^1.0.3",
            "has-symbols": "^1.0.1",
            "is-callable": "^1.1.4",
            "is-regex": "^1.0.4",
            "object-inspect": "^1.7.0",
            "object-keys": "^1.1.1",
            "string.prototype.trimleft": "^2.1.0",
            "string.prototype.trimright": "^2.1.0"
         }
      },
      "es-to-primitive": {
         "version": "1.2.1",
         "resolved": "https://registry.npmjs.org/es-to-primitive/-/es-to-primitive-1.2.1.tgz",
         "integrity": "sha512-QCOllgZJtaUo9miYBcLChTUaHNjJF3PYs1VidD7AwiEj1kYxKeQTctLAezAOH5ZKRH0g2IgPn6KwB4IT8iRpvA==",
         "requires": {
            "is-callable": "^1.1.4",
            "is-date-object": "^1.0.1",
            "is-symbol": "^1.0.2"
         }
      },
      "events": {
         "version": "1.1.1",
         "resolved": "https://registry.npmjs.org/events/-/events-1.1.1.tgz",
         "integrity": "sha1-nr23Y1rQmccNzEwqH1AEKI6L2SQ="
      },
      "express": {
         "version": "3.3.8",
         "resolved": "https://registry.npmjs.org/express/-/express-3.3.8.tgz",
         "integrity": "sha1-jpisMNgfTJW4XXHSr2z4T2LvGb0=",
         "requires": {
            "buffer-crc32": "0.2.1",
            "commander": "1.2.0",
            "connect": "2.8.8",
            "cookie": "0.1.0",
            "cookie-signature": "1.0.1",
            "debug": "*",
            "fresh": "0.2.0",
            "methods": "0.0.1",
            "mkdirp": "0.3.5",
            "range-parser": "0.0.4",
            "send": "0.1.4"
         }
      },
      "formidable": {
         "version": "1.0.14",
         "resolved": "https://registry.npmjs.org/formidable/-/formidable-1.0.14.tgz",
         "integrity": "sha1-Kz9MQRy7X91pXESEPiojUUpDIxo="
      },
      "fresh": {
         "version": "0.2.0",
         "resolved": "https://registry.npmjs.org/fresh/-/fresh-0.2.0.tgz",
         "integrity": "sha1-v9lALPPfEsSkwxDHn5mj3eE9NKc="
      },
      "function-bind": {
         "version": "1.1.1",
         "resolved": "https://registry.npmjs.org/function-bind/-/function-bind-1.1.1.tgz",
         "integrity": "sha512-yIovAzMX49sF8Yl58fSCWJ5svSLuaibPxXQJFLmBObTuCr0Mf1KiPopGM9NiFjiYBCbfaa2Fh6breQ6ANVTI0A=="
      },
      "glob": {
         "version": "6.0.4",
         "resolved": "https://registry.npmjs.org/glob/-/glob-6.0.4.tgz",
         "integrity": "sha1-DwiGD2oVUSey+t1PnOJLGqtuTSI=",
         "optional": true,
         "requires": {
            "inflight": "^1.0.4",
            "inherits": "2",
            "minimatch": "2 || 3",
            "once": "^1.3.0",
            "path-is-absolute": "^1.0.0"
         }
      },
      "has": {
         "version": "1.0.3",
         "resolved": "https://registry.npmjs.org/has/-/has-1.0.3.tgz",
         "integrity": "sha512-f2dvO0VU6Oej7RkWJGrehjbzMAjFp5/VKPp5tTpWIV4JHHZK1/BxbFRtf/siA2SWTe09caDmVtYYzWEIbBS4zw==",
         "requires": {
            "function-bind": "^1.1.1"
         }
      },
      "has-binary2": {
         "version": "1.0.3",
         "resolved": "https://registry.npmjs.org/has-binary2/-/has-binary2-1.0.3.tgz",
         "integrity": "sha512-G1LWKhDSvhGeAQ8mPVQlqNcOB2sJdwATtZKl2pDKKHfpf/rYj24lkinxf69blJbnsvtqqNU+L3SL50vzZhXOnw==",
         "requires": {
            "isarray": "2.0.1"
         },
         "dependencies": {
            "isarray": {
               "version": "2.0.1",
               "resolved": "https://registry.npmjs.org/isarray/-/isarray-2.0.1.tgz",
               "integrity": "sha1-o32U7ZzaLVmGXJ92/llu4fM4dB4="
            }
         }
      },
      "has-cors": {
         "version": "1.1.0",
         "resolved": "https://registry.npmjs.org/has-cors/-/has-cors-1.1.0.tgz",
         "integrity": "sha1-XkdHk/fqmEPRu5nCPu9J/xJv/zk="
      },
      "has-symbols": {
         "version": "1.0.1",
         "resolved": "https://registry.npmjs.org/has-symbols/-/has-symbols-1.0.1.tgz",
         "integrity": "sha512-PLcsoqu++dmEIZB+6totNFKq/7Do+Z0u4oT0zKOJNl3lYK6vGwwu2hjHs+68OEZbTjiUE9bgOABXbP/GvrS0Kg=="
      },
      "hoek": {
         "version": "4.2.1",
         "resolved": "https://registry.npmjs.org/hoek/-/hoek-4.2.1.tgz",
         "integrity": "sha512-QLg82fGkfnJ/4iy1xZ81/9SIJiq1NGFUMGs6ParyjBZr6jW2Ufj/snDqTHixNlHdPNwN2RLVD0Pi3igeK9+JfA=="
      },
      "ieee754": {
         "version": "1.1.13",
         "resolved": "https://registry.npmjs.org/ieee754/-/ieee754-1.1.13.tgz",
         "integrity": "sha512-4vf7I2LYV/HaWerSo3XmlMkp5eZ83i+/CDluXi/IGTs/O1sejBNhTtnxzmRZfvOUqj7lZjqHkeTvpgSFDlWZTg=="
      },
      "indexof": {
         "version": "0.0.1",
         "resolved": "https://registry.npmjs.org/indexof/-/indexof-0.0.1.tgz",
         "integrity": "sha1-gtwzbSMrkGIXnQWrMpOmYFn9Q10="
      },
      "inflight": {
         "version": "1.0.6",
         "resolved": "https://registry.npmjs.org/inflight/-/inflight-1.0.6.tgz",
         "integrity": "sha1-Sb1jMdfQLQwJvJEKEHW6gWW1bfk=",
         "optional": true,
         "requires": {
            "once": "^1.3.0",
            "wrappy": "1"
         }
      },
      "inherits": {
         "version": "2.0.4",
         "resolved": "https://registry.npmjs.org/inherits/-/inherits-2.0.4.tgz",
         "integrity": "sha512-k/vGaX4/Yla3WzyMCvTQOXYeIHvqOKtnqBduzTHpzpQZzAskKMhZ2K+EnBiSM9zGSoIFeMpXKxa4dYeZIQqewQ==",
         "optional": true
      },
      "is-callable": {
         "version": "1.1.4",
         "resolved": "https://registry.npmjs.org/is-callable/-/is-callable-1.1.4.tgz",
         "integrity": "sha512-r5p9sxJjYnArLjObpjA4xu5EKI3CuKHkJXMhT7kwbpUyIFD1n5PMAsoPvWnvtZiNz7LjkYDRZhd7FlI0eMijEA=="
      },
      "is-date-object": {
         "version": "1.0.1",
         "resolved": "https://registry.npmjs.org/is-date-object/-/is-date-object-1.0.1.tgz",
         "integrity": "sha1-mqIOtq7rv/d/vTPnTKAbM1gdOhY="
      },
      "is-regex": {
         "version": "1.0.4",
         "resolved": "https://registry.npmjs.org/is-regex/-/is-regex-1.0.4.tgz",
         "integrity": "sha1-VRdIm1RwkbCTDglWVM7SXul+lJE=",
         "requires": {
            "has": "^1.0.1"
         }
      },
      "is-symbol": {
         "version": "1.0.3",
         "resolved": "https://registry.npmjs.org/is-symbol/-/is-symbol-1.0.3.tgz",
         "integrity": "sha512-OwijhaRSgqvhm/0ZdAcXNZt9lYdKFpcRDT5ULUuYXPoT794UNOdU+gpT6Rzo7b4V2HUl/op6GqY894AZwv9faQ==",
         "requires": {
            "has-symbols": "^1.0.1"
         }
      },
      "isarray": {
         "version": "1.0.0",
         "resolved": "https://registry.npmjs.org/isarray/-/isarray-1.0.0.tgz",
         "integrity": "sha1-u5NdSFgsuhaMBoNJV6VKPgcSTxE="
      },
      "isemail": {
         "version": "2.2.1",
         "resolved": "https://registry.npmjs.org/isemail/-/isemail-2.2.1.tgz",
         "integrity": "sha1-A1PT2aYpUQgMJiwqoKQrjqjp4qY="
      },
      "items": {
         "version": "2.1.2",
         "resolved": "https://registry.npmjs.org/items/-/items-2.1.2.tgz",
         "integrity": "sha512-kezcEqgB97BGeZZYtX/MA8AG410ptURstvnz5RAgyFZ8wQFPMxHY8GpTq+/ZHKT3frSlIthUq7EvLt9xn3TvXg=="
      },
      "jmespath": {
         "version": "0.15.0",
         "resolved": "https://registry.npmjs.org/jmespath/-/jmespath-0.15.0.tgz",
         "integrity": "sha1-o/Iiqarp+Wb10nx5ZRDigJF2Qhc="
      },
      "joi": {
         "version": "10.6.0",
         "resolved": "https://registry.npmjs.org/joi/-/joi-10.6.0.tgz",
         "integrity": "sha512-hBF3LcqyAid+9X/pwg+eXjD2QBZI5eXnBFJYaAkH4SK3mp9QSRiiQnDYlmlz5pccMvnLcJRS4whhDOTCkmsAdQ==",
         "requires": {
            "hoek": "4.x.x",
            "isemail": "2.x.x",
            "items": "2.x.x",
            "topo": "2.x.x"
         }
      },
      "keypress": {
         "version": "0.1.0",
         "resolved": "https://registry.npmjs.org/keypress/-/keypress-0.1.0.tgz",
         "integrity": "sha1-SjGI1CkbZrT2XtuZ+AaqmuKTWSo="
      },
      "lodash": {
         "version": "4.17.15",
         "resolved": "https://registry.npmjs.org/lodash/-/lodash-4.17.15.tgz",
         "integrity": "sha512-8xOcRHvCjnocdS5cpwXQXVzmmh5e5+saE2QGoeQmbKmRS6J3VQppPOIt0MnmE+4xlZoumy0GPG0D0MVIQbNA1A=="
      },
      "lru-cache": {
         "version": "5.1.1",
         "resolved": "https://registry.npmjs.org/lru-cache/-/lru-cache-5.1.1.tgz",
         "integrity": "sha1-HaJ+ZxAnGUdpXa9oSOhH8B2EuSA=",
         "requires": {
            "yallist": "^3.0.2"
         }
      },
      "methods": {
         "version": "0.0.1",
         "resolved": "https://registry.npmjs.org/methods/-/methods-0.0.1.tgz",
         "integrity": "sha1-J3yQ+L7zlwlkWoNxxRw7bGSOBow="
      },
      "mime": {
         "version": "1.2.11",
         "resolved": "https://registry.npmjs.org/mime/-/mime-1.2.11.tgz",
         "integrity": "sha1-WCA+7Ybjpe8XrtK32evUfwpg3RA="
      },
      "mime-db": {
         "version": "1.42.0",
         "resolved": "https://registry.npmjs.org/mime-db/-/mime-db-1.42.0.tgz",
         "integrity": "sha512-UbfJCR4UAVRNgMpfImz05smAXK7+c+ZntjaA26ANtkXLlOe947Aag5zdIcKQULAiF9Cq4WxBi9jUs5zkA84bYQ=="
      },
      "mime-types": {
         "version": "2.1.25",
         "resolved": "https://registry.npmjs.org/mime-types/-/mime-types-2.1.25.tgz",
         "integrity": "sha512-5KhStqB5xpTAeGqKBAMgwaYMnQik7teQN4IAzC7npDv6kzeU6prfkR67bc87J1kWMPGkoaZSq1npmexMgkmEVg==",
         "requires": {
            "mime-db": "1.42.0"
         }
      },
      "minimatch": {
         "version": "3.0.4",
         "resolved": "https://registry.npmjs.org/minimatch/-/minimatch-3.0.4.tgz",
         "integrity": "sha512-yJHVQEhyqPLUTgt9B83PXu6W3rx4MvvHvSUvToogpwoGDOUQ+yDrR0HRot+yOCdCO7u4hX3pWft6kWBBcqh0UA==",
         "optional": true,
         "requires": {
            "brace-expansion": "^1.1.7"
         }
      },
      "minimist": {
         "version": "0.0.8",
         "resolved": "https://registry.npmjs.org/minimist/-/minimist-0.0.8.tgz",
         "integrity": "sha1-hX/Kv8M5fSYluCKCYuhqp6ARsF0=",
         "optional": true
      },
      "mkdirp": {
         "version": "0.3.5",
         "resolved": "https://registry.npmjs.org/mkdirp/-/mkdirp-0.3.5.tgz",
         "integrity": "sha1-3j5fiWHIjHh+4TaN+EmsRBPsqNc="
      },
      "ms": {
         "version": "2.1.2",
         "resolved": "https://registry.npmjs.org/ms/-/ms-2.1.2.tgz",
         "integrity": "sha1-0J0fNXtEP0kzgqjrPM0YOHKuYAk="
      },
      "mv": {
         "version": "2.1.1",
         "resolved": "https://registry.npmjs.org/mv/-/mv-2.1.1.tgz",
         "integrity": "sha1-rmzg1vbV4KT32JN5jQPB6pVZtqI=",
         "optional": true,
         "requires": {
            "mkdirp": "~0.5.1",
            "ncp": "~2.0.0",
            "rimraf": "~2.4.0"
         },
         "dependencies": {
            "mkdirp": {
               "version": "0.5.1",
               "resolved": "https://registry.npmjs.org/mkdirp/-/mkdirp-0.5.1.tgz",
               "integrity": "sha1-MAV0OOrGz3+MR2fzhkjWaX11yQM=",
               "optional": true,
               "requires": {
                  "minimist": "0.0.8"
               }
            }
         }
      },
      "nan": {
         "version": "2.14.0",
         "resolved": "https://registry.npmjs.org/nan/-/nan-2.14.0.tgz",
         "integrity": "sha512-INOFj37C7k3AfaNTtX8RhsTw7qRy7eLET14cROi9+5HAVbbHuIWUHEauBv5qT4Av2tWasiTY1Jw6puUNqRJXQg==",
         "optional": true
      },
      "ncp": {
         "version": "2.0.0",
         "resolved": "https://registry.npmjs.org/ncp/-/ncp-2.0.0.tgz",
         "integrity": "sha1-GVoh1sRuNh0vsSgbo4uR6d9727M=",
         "optional": true
      },
      "negotiator": {
         "version": "0.6.2",
         "resolved": "https://registry.npmjs.org/negotiator/-/negotiator-0.6.2.tgz",
         "integrity": "sha512-hZXc7K2e+PgeI1eDBe/10Ard4ekbfrrqG8Ep+8Jmf4JID2bNg7NvCPOZN+kfF574pFQI7mum2AUqDidoKqcTOw=="
      },
      "object-component": {
         "version": "0.0.3",
         "resolved": "https://registry.npmjs.org/object-component/-/object-component-0.0.3.tgz",
         "integrity": "sha1-8MaapQ78lbhmwYb0AKM3acsvEpE="
      },
      "object-inspect": {
         "version": "1.7.0",
         "resolved": "https://registry.npmjs.org/object-inspect/-/object-inspect-1.7.0.tgz",
         "integrity": "sha512-a7pEHdh1xKIAgTySUGgLMx/xwDZskN1Ud6egYYN3EdRW4ZMPNEDUTF+hwy2LUC+Bl+SyLXANnwz/jyh/qutKUw=="
      },
      "object-keys": {
         "version": "1.1.1",
         "resolved": "https://registry.npmjs.org/object-keys/-/object-keys-1.1.1.tgz",
         "integrity": "sha512-NuAESUOUMrlIXOfHKzD6bpPu3tYt3xvjNdRIQ+FeT0lNb4K8WR70CaDxhuNguS2XG+GjkyMwOzsN5ZktImfhLA=="
      },
      "object.getownpropertydescriptors": {
         "version": "2.0.3",
         "resolved": "https://registry.npmjs.org/object.getownpropertydescriptors/-/object.getownpropertydescriptors-2.0.3.tgz",
         "integrity": "sha1-h1jIRvW0B62rDyNuCYbxSwUcqhY=",
         "requires": {
            "define-properties": "^1.1.2",
            "es-abstract": "^1.5.1"
         }
      },
      "once": {
         "version": "1.4.0",
         "resolved": "https://registry.npmjs.org/once/-/once-1.4.0.tgz",
         "integrity": "sha1-WDsap3WWHUsROsF9nFC6753Xa9E=",
         "requires": {
            "wrappy": "1"
         }
      },
      "parseqs": {
         "version": "0.0.5",
         "resolved": "https://registry.npmjs.org/parseqs/-/parseqs-0.0.5.tgz",
         "integrity": "sha1-1SCKNzjkZ2bikbouoXNoSSGouJ0=",
         "requires": {
            "better-assert": "~1.0.0"
         }
      },
      "parseuri": {
         "version": "0.0.5",
         "resolved": "https://registry.npmjs.org/parseuri/-/parseuri-0.0.5.tgz",
         "integrity": "sha1-gCBKUNTbt3m/3G6+J3jZDkvOMgo=",
         "requires": {
            "better-assert": "~1.0.0"
         }
      },
      "path-is-absolute": {
         "version": "1.0.1",
         "resolved": "https://registry.npmjs.org/path-is-absolute/-/path-is-absolute-1.0.1.tgz",
         "integrity": "sha1-F0uSaHNVNP+8es5r9TpanhtcX18=",
         "optional": true
      },
      "pause": {
         "version": "0.0.1",
         "resolved": "https://registry.npmjs.org/pause/-/pause-0.0.1.tgz",
         "integrity": "sha1-HUCLP9t2kjuVQ9lvtMnf1TXZy10="
      },
      "punycode": {
         "version": "1.3.2",
         "resolved": "https://registry.npmjs.org/punycode/-/punycode-1.3.2.tgz",
         "integrity": "sha1-llOgNvt8HuQjQvIyXM7v6jkmxI0="
      },
      "qs": {
         "version": "0.6.5",
         "resolved": "https://registry.npmjs.org/qs/-/qs-0.6.5.tgz",
         "integrity": "sha1-KUsmjksNQlD23eGbO4s0k13/FO8="
      },
      "querystring": {
         "version": "0.2.0",
         "resolved": "https://registry.npmjs.org/querystring/-/querystring-0.2.0.tgz",
         "integrity": "sha1-sgmEkgO7Jd+CDadW50cAWHhSFiA="
      },
      "range-parser": {
         "version": "0.0.4",
         "resolved": "https://registry.npmjs.org/range-parser/-/range-parser-0.0.4.tgz",
         "integrity": "sha1-wEJ//vUcEKy6B4KkbJYC50T/Ygs="
      },
      "rimraf": {
         "version": "2.4.5",
         "resolved": "https://registry.npmjs.org/rimraf/-/rimraf-2.4.5.tgz",
         "integrity": "sha1-7nEM5dk6j9uFb7Xqj/Di11k0sto=",
         "optional": true,
         "requires": {
            "glob": "^6.0.1"
         }
      },
      "safe-json-stringify": {
         "version": "1.2.0",
         "resolved": "https://registry.npmjs.org/safe-json-stringify/-/safe-json-stringify-1.2.0.tgz",
         "integrity": "sha512-gH8eh2nZudPQO6TytOvbxnuhYBOvDBBLW52tz5q6X58lJcd/tkmqFR+5Z9adS8aJtURSXWThWy/xJtJwixErvg==",
         "optional": true
      },
      "sax": {
         "version": "1.2.4",
         "resolved": "https://registry.npmjs.org/sax/-/sax-1.2.4.tgz",
         "integrity": "sha512-NqVDv9TpANUjFm0N8uM5GxL36UgKi9/atZw+x7YFnQ8ckwFGKrl4xX4yWtrey3UJm5nP1kUbnYgLopqWNSRhWw=="
      },
      "send": {
         "version": "0.1.4",
         "resolved": "https://registry.npmjs.org/send/-/send-0.1.4.tgz",
         "integrity": "sha1-vnDY0b4B3mGCGvE3gLUDRaT3Gr0=",
         "requires": {
            "debug": "*",
            "fresh": "0.2.0",
            "mime": "~1.2.9",
            "range-parser": "0.0.4"
         }
      },
      "socket.io": {
         "version": "2.3.0",
         "resolved": "https://registry.npmjs.org/socket.io/-/socket.io-2.3.0.tgz",
         "integrity": "sha512-2A892lrj0GcgR/9Qk81EaY2gYhCBxurV0PfmmESO6p27QPrUK1J3zdns+5QPqvUYK2q657nSj0guoIil9+7eFg==",
         "requires": {
            "debug": "~4.1.0",
            "engine.io": "~3.4.0",
            "has-binary2": "~1.0.2",
            "socket.io-adapter": "~1.1.0",
            "socket.io-client": "2.3.0",
            "socket.io-parser": "~3.4.0"
         }
      },
      "socket.io-adapter": {
         "version": "1.1.2",
         "resolved": "https://registry.npmjs.org/socket.io-adapter/-/socket.io-adapter-1.1.2.tgz",
         "integrity": "sha512-WzZRUj1kUjrTIrUKpZLEzFZ1OLj5FwLlAFQs9kuZJzJi5DKdU7FsWc36SNmA8iDOtwBQyT8FkrriRM8vXLYz8g=="
      },
      "socket.io-client": {
         "version": "2.3.0",
         "resolved": "https://registry.npmjs.org/socket.io-client/-/socket.io-client-2.3.0.tgz",
         "integrity": "sha512-cEQQf24gET3rfhxZ2jJ5xzAOo/xhZwK+mOqtGRg5IowZsMgwvHwnf/mCRapAAkadhM26y+iydgwsXGObBB5ZdA==",
         "requires": {
            "backo2": "1.0.2",
            "base64-arraybuffer": "0.1.5",
            "component-bind": "1.0.0",
            "component-emitter": "1.2.1",
            "debug": "~4.1.0",
            "engine.io-client": "~3.4.0",
            "has-binary2": "~1.0.2",
            "has-cors": "1.1.0",
            "indexof": "0.0.1",
            "object-component": "0.0.3",
            "parseqs": "0.0.5",
            "parseuri": "0.0.5",
            "socket.io-parser": "~3.3.0",
            "to-array": "0.1.4"
         },
         "dependencies": {
            "isarray": {
               "version": "2.0.1",
               "resolved": "https://registry.npmjs.org/isarray/-/isarray-2.0.1.tgz",
               "integrity": "sha1-o32U7ZzaLVmGXJ92/llu4fM4dB4="
            },
            "ms": {
               "version": "2.0.0",
               "resolved": "https://registry.npmjs.org/ms/-/ms-2.0.0.tgz",
               "integrity": "sha1-VgiurfwAvmwpAd9fmGF4jeDVl8g="
            },
            "socket.io-parser": {
               "version": "3.3.0",
               "resolved": "https://registry.npmjs.org/socket.io-parser/-/socket.io-parser-3.3.0.tgz",
               "integrity": "sha512-hczmV6bDgdaEbVqhAeVMM/jfUfzuEZHsQg6eOmLgJht6G3mPKMxYm75w2+qhAQZ+4X+1+ATZ+QFKeOZD5riHng==",
               "requires": {
                  "component-emitter": "1.2.1",
                  "debug": "~3.1.0",
                  "isarray": "2.0.1"
               },
               "dependencies": {
                  "debug": {
                     "version": "3.1.0",
                     "resolved": "https://registry.npmjs.org/debug/-/debug-3.1.0.tgz",
                     "integrity": "sha512-OX8XqP7/1a9cqkxYw2yXss15f26NKWBpDXQd0/uK/KPqdQhxbPa994hnzjcE2VqQpDslf55723cKPUOGSmMY3g==",
                     "requires": {
                        "ms": "2.0.0"
                     }
                  }
               }
            }
         }
      },
      "socket.io-parser": {
         "version": "3.4.0",
         "resolved": "https://registry.npmjs.org/socket.io-parser/-/socket.io-parser-3.4.0.tgz",
         "integrity": "sha512-/G/VOI+3DBp0+DJKW4KesGnQkQPFmUCbA/oO2QGT6CWxU7hLGWqU3tyuzeSK/dqcyeHsQg1vTe9jiZI8GU9SCQ==",
         "requires": {
            "component-emitter": "1.2.1",
            "debug": "~4.1.0",
            "isarray": "2.0.1"
         },
         "dependencies": {
            "isarray": {
               "version": "2.0.1",
               "resolved": "https://registry.npmjs.org/isarray/-/isarray-2.0.1.tgz",
               "integrity": "sha1-o32U7ZzaLVmGXJ92/llu4fM4dB4="
            }
         }
      },
      "stream-to-array": {
         "version": "2.3.0",
         "resolved": "https://registry.npmjs.org/stream-to-array/-/stream-to-array-2.3.0.tgz",
         "integrity": "sha1-u/azn19D7DC8cbq8s3VXrOzzQ1M=",
         "requires": {
            "any-promise": "^1.1.0"
         }
      },
      "stream-to-promise": {
         "version": "2.2.0",
         "resolved": "https://registry.npmjs.org/stream-to-promise/-/stream-to-promise-2.2.0.tgz",
         "integrity": "sha1-se2y4cjLESidG1A8CNPyrvUeZQ8=",
         "requires": {
            "any-promise": "~1.3.0",
            "end-of-stream": "~1.1.0",
            "stream-to-array": "~2.3.0"
         }
      },
      "string.prototype.trimleft": {
         "version": "2.1.0",
         "resolved": "https://registry.npmjs.org/string.prototype.trimleft/-/string.prototype.trimleft-2.1.0.tgz",
         "integrity": "sha512-FJ6b7EgdKxxbDxc79cOlok6Afd++TTs5szo+zJTUyow3ycrRfJVE2pq3vcN53XexvKZu/DJMDfeI/qMiZTrjTw==",
         "requires": {
            "define-properties": "^1.1.3",
            "function-bind": "^1.1.1"
         }
      },
      "string.prototype.trimright": {
         "version": "2.1.0",
         "resolved": "https://registry.npmjs.org/string.prototype.trimright/-/string.prototype.trimright-2.1.0.tgz",
         "integrity": "sha512-fXZTSV55dNBwv16uw+hh5jkghxSnc5oHq+5K/gXgizHwAvMetdAJlHqqoFC1FSDVPYWLkAKl2cxpUT41sV7nSg==",
         "requires": {
            "define-properties": "^1.1.3",
            "function-bind": "^1.1.1"
         }
      },
      "to-array": {
         "version": "0.1.4",
         "resolved": "https://registry.npmjs.org/to-array/-/to-array-0.1.4.tgz",
         "integrity": "sha1-F+bBH3PdTz10zaek/zI46a2b+JA="
      },
      "topo": {
         "version": "2.0.2",
         "resolved": "https://registry.npmjs.org/topo/-/topo-2.0.2.tgz",
         "integrity": "sha1-zVYVdSU5BXwNwEkaYhw7xvvh0YI=",
         "requires": {
            "hoek": "4.x.x"
         }
      },
      "uid2": {
         "version": "0.0.2",
         "resolved": "https://registry.npmjs.org/uid2/-/uid2-0.0.2.tgz",
         "integrity": "sha1-EH+xVcgsETZiB5ftTIjPKwj2qrg="
      },
      "url": {
         "version": "0.10.3",
         "resolved": "https://registry.npmjs.org/url/-/url-0.10.3.tgz",
         "integrity": "sha1-Ah5NnHcF8hu/N9A861h2dAJ3TGQ=",
         "requires": {
            "punycode": "1.3.2",
            "querystring": "0.2.0"
         }
      },
      "util.promisify": {
         "version": "1.0.0",
         "resolved": "https://registry.npmjs.org/util.promisify/-/util.promisify-1.0.0.tgz",
         "integrity": "sha512-i+6qA2MPhvoKLuxnJNpXAGhg7HphQOSUq2LKMZD0m15EiskXUkMvKdF4Uui0WYeCUGea+o2cw/ZuwehtfsrNkA==",
         "requires": {
            "define-properties": "^1.1.2",
            "object.getownpropertydescriptors": "^2.0.3"
         }
      },
      "uuid": {
         "version": "3.3.3",
         "resolved": "https://registry.npmjs.org/uuid/-/uuid-3.3.3.tgz",
         "integrity": "sha512-pW0No1RGHgzlpHJO1nsVrHKpOEIxkGg1xB+v0ZmdNH5OAeAwzAVrCnI2/6Mtx+Uys6iaylxa+D3g4j63IKKjSQ=="
      },
      "wrappy": {
         "version": "1.0.2",
         "resolved": "https://registry.npmjs.org/wrappy/-/wrappy-1.0.2.tgz",
         "integrity": "sha1-tSQ9jz7BqjXxNkYFvA0QNuMKtp8="
      },
      "ws": {
         "version": "7.2.0",
         "resolved": "https://registry.npmjs.org/ws/-/ws-7.2.0.tgz",
         "integrity": "sha512-+SqNqFbwTm/0DC18KYzIsMTnEWpLwJsiasW/O17la4iDRRIO9uaHbvKiAS3AHgTiuuWerK/brj4O6MYZkei9xg==",
         "requires": {
            "async-limiter": "^1.0.0"
         }
      },
      "xml2js": {
         "version": "0.4.22",
         "resolved": "https://registry.npmjs.org/xml2js/-/xml2js-0.4.22.tgz",
         "integrity": "sha512-MWTbxAQqclRSTnehWWe5nMKzI3VmJ8ltiJEco8akcC6j3miOhjjfzKum5sId+CWhfxdOs/1xauYr8/ZDBtQiRw==",
         "requires": {
            "sax": ">=0.6.0",
            "util.promisify": "~1.0.0",
            "xmlbuilder": "~11.0.0"
         }
      },
      "xmlbuilder": {
         "version": "11.0.1",
         "resolved": "https://registry.npmjs.org/xmlbuilder/-/xmlbuilder-11.0.1.tgz",
         "integrity": "sha512-fDlsI/kFEx7gLvbecc0/ohLG50fugQp8ryHzMTuW9vSa1GJ0XYWKnhsUx7oie3G98+r56aTQIUB4kht42R3JvA=="
      },
      "xmlhttprequest-ssl": {
         "version": "1.5.5",
         "resolved": "https://registry.npmjs.org/xmlhttprequest-ssl/-/xmlhttprequest-ssl-1.5.5.tgz",
         "integrity": "sha1-wodrBhaKrcQOV9l+gRkayPQ5iz4="
      },
      "yallist": {
         "version": "3.1.1",
         "resolved": "https://registry.npmjs.org/yallist/-/yallist-3.1.1.tgz",
         "integrity": "sha1-27fa+b/YusmrRev2ArjLrQ1dCP0="
      },
      "yeast": {
         "version": "0.1.2",
         "resolved": "https://registry.npmjs.org/yeast/-/yeast-0.1.2.tgz",
         "integrity": "sha1-AI4G2AlDIMNy28L47XagymyKxBk="
      }
   }
}
